github.com/danielfdickinson/link-handling-mod-hugo-dfd v0.2.1 h1:6iD63O0IAoBNE6DXmYw5w/Vr7HJxXm2Ed8Khd9Flucw=
github.com/danielfdickinson/link-handling-mod-hugo-dfd v0.2.1/go.mod h1:inb1U/NMQWMjoDBEhpabB/cI06SkgWnbM4dHKFHCG60=
github.com/danielfdickinson/link-handling-mod-hugo-dfd v0.2.2-alpha.1 h1:iBxA+kBCXyANT4Tdu8s9jTjdLyF12YY+Btk3wD54j5A=
github.com/danielfdickinson/link-handling-mod-hugo-dfd v0.2.2-alpha.1/go.mod h1:inb1U/NMQWMjoDBEhpabB/cI06SkgWnbM4dHKFHCG60=
