github.com/danielfdickinson/hugo-dfd-demo-site-theme v0.4.1 h1:juS66k94OohB+xHu9F0lWzTc/d+LQs7m0FXQcJUuvYs=
github.com/danielfdickinson/hugo-dfd-demo-site-theme v0.4.1/go.mod h1:KJJxP+choxWGNFHbwj0AQDNQ/6qtBYUMDuO0CEXlV2c=
github.com/danielfdickinson/hugo-dfd-metadata-central v0.0.0-20211022192728-d6b4ec370120 h1:vEeFUp0eivZIDOWhVz7Tms0XZxdlHM7Si7BXWUjTlEU=
github.com/danielfdickinson/hugo-dfd-metadata-central v0.0.0-20211022192728-d6b4ec370120/go.mod h1:uygtPWTIMU1oCMsQnJ/FR/WKU1XblxqKa4mscGUX4fw=
