github.com/danielfdickinson/image-handling-mod-demo v0.0.4 h1:mVS8F9hkEIieoD5N33RfdauQeJta3kKbbrmDUDm75Zk=
github.com/danielfdickinson/image-handling-mod-demo v0.0.4/go.mod h1:B8yHLiix8I/ClZY+vDqTX3nwwv3ootNmJHJ4dDjAZZU=
github.com/wildtechgarden/minimal-test-theme-hugo-wtg v0.5.1-alpha.2 h1:5mEqlzNvYxDi59Zf1OTgXpfKRnb2LoLaX1G6v12/Mik=
github.com/wildtechgarden/minimal-test-theme-hugo-wtg v0.5.1-alpha.2/go.mod h1:tcT4l0IHX8ifetQ3k/DQT3dqBeavIN6u/efkl7YCBlU=
